
Microsoft Visual Studio Solution File, Format Version 12.00
# Visual Studio Version 16
VisualStudioVersion = 16.0.33423.256
MinimumVisualStudioVersion = 10.0.40219.1
Project("{FAE04EC0-301F-11D3-BF4B-00C04F79EFBC}") = "TransportManagmentSystemAPI", "TransportManagmentSystemAPI.csproj", "{1CDE34D1-BC7A-4FE6-BAD8-BA57DD482260}"
EndProject
Global
	GlobalSection(SolutionConfigurationPlatforms) = preSolution
		Debug|Any CPU = Debug|Any CPU
		Release|Any CPU = Release|Any CPU
	EndGlobalSection
	GlobalSection(ProjectConfigurationPlatforms) = postSolution
		{1CDE34D1-BC7A-4FE6-BAD8-BA57DD482260}.Debug|Any CPU.ActiveCfg = Debug|Any CPU
		{1CDE34D1-BC7A-4FE6-BAD8-BA57DD482260}.Debug|Any CPU.Build.0 = Debug|Any CPU
		{1CDE34D1-BC7A-4FE6-BAD8-BA57DD482260}.Release|Any CPU.ActiveCfg = Release|Any CPU
		{1CDE34D1-BC7A-4FE6-BAD8-BA57DD482260}.Release|Any CPU.Build.0 = Release|Any CPU
	EndGlobalSection
	GlobalSection(SolutionProperties) = preSolution
		HideSolutionNode = FALSE
	EndGlobalSection
	GlobalSection(ExtensibilityGlobals) = postSolution
		SolutionGuid = {6D726887-7ADD-4582-9B58-AEEBAC4B92A7}
	EndGlobalSection
EndGlobal
